
Microsoft Visual Studio Solution File, Format Version 11.00
# Visual Studio 2010
Project("{FAE04EC0-301F-11D3-BF4B-00C04F79EFBC}") = "Adventures-Database-First", "Adventures-First\Adventures-Database-First.csproj", "{FF3E1B71-4078-45D2-9E2E-C471F99528E8}"
EndProject
Global
	GlobalSection(SolutionConfigurationPlatforms) = preSolution
		Debug|x86 = Debug|x86
		Release|x86 = Release|x86
	EndGlobalSection
	GlobalSection(ProjectConfigurationPlatforms) = postSolution
		{FF3E1B71-4078-45D2-9E2E-C471F99528E8}.Debug|x86.ActiveCfg = Debug|x86
		{FF3E1B71-4078-45D2-9E2E-C471F99528E8}.Debug|x86.Build.0 = Debug|x86
		{FF3E1B71-4078-45D2-9E2E-C471F99528E8}.Release|x86.ActiveCfg = Release|x86
		{FF3E1B71-4078-45D2-9E2E-C471F99528E8}.Release|x86.Build.0 = Release|x86
	EndGlobalSection
	GlobalSection(SolutionProperties) = preSolution
		HideSolutionNode = FALSE
	EndGlobalSection
EndGlobal
