
Microsoft Visual Studio Solution File, Format Version 11.00
# Visual Studio 2010
Project("{FAE04EC0-301F-11D3-BF4B-00C04F79EFBC}") = "Unusua_Types", "Unusua_Types.csproj", "{D24D5B43-5BC7-42DB-902A-7D384A2D6373}"
EndProject
Global
	GlobalSection(SolutionConfigurationPlatforms) = preSolution
		Debug|x86 = Debug|x86
		Release|x86 = Release|x86
	EndGlobalSection
	GlobalSection(ProjectConfigurationPlatforms) = postSolution
		{D24D5B43-5BC7-42DB-902A-7D384A2D6373}.Debug|x86.ActiveCfg = Debug|x86
		{D24D5B43-5BC7-42DB-902A-7D384A2D6373}.Debug|x86.Build.0 = Debug|x86
		{D24D5B43-5BC7-42DB-902A-7D384A2D6373}.Release|x86.ActiveCfg = Release|x86
		{D24D5B43-5BC7-42DB-902A-7D384A2D6373}.Release|x86.Build.0 = Release|x86
	EndGlobalSection
	GlobalSection(SolutionProperties) = preSolution
		HideSolutionNode = FALSE
	EndGlobalSection
EndGlobal
